
Microsoft Visual Studio Solution File, Format Version 12.00
# Visual Studio Version 17
VisualStudioVersion = 17.11.35431.28
MinimumVisualStudioVersion = 10.0.40219.1
Project("{9A19103F-16F7-4668-BE54-9A1E7A4F7556}") = "Patient", "Patient\Patient.csproj", "{A29FE2E3-5064-433A-9E24-400A7069B8FC}"
EndProject
Project("{9A19103F-16F7-4668-BE54-9A1E7A4F7556}") = "Measurement", "Measurement\Measurement.csproj", "{A2FF29B1-EBF6-4559-9E02-3203247BC6BE}"
EndProject
Project("{FAE04EC0-301F-11D3-BF4B-00C04F79EFBC}") = "BptTestProject", "BptTestProject\BptTestProject.csproj", "{2BFC067D-4096-4388-8C25-CBBA379D4D6E}"
EndProject
Global
	GlobalSection(SolutionConfigurationPlatforms) = preSolution
		Debug|Any CPU = Debug|Any CPU
		Release|Any CPU = Release|Any CPU
	EndGlobalSection
	GlobalSection(ProjectConfigurationPlatforms) = postSolution
		{A29FE2E3-5064-433A-9E24-400A7069B8FC}.Debug|Any CPU.ActiveCfg = Debug|Any CPU
		{A29FE2E3-5064-433A-9E24-400A7069B8FC}.Debug|Any CPU.Build.0 = Debug|Any CPU
		{A29FE2E3-5064-433A-9E24-400A7069B8FC}.Release|Any CPU.ActiveCfg = Release|Any CPU
		{A29FE2E3-5064-433A-9E24-400A7069B8FC}.Release|Any CPU.Build.0 = Release|Any CPU
		{A2FF29B1-EBF6-4559-9E02-3203247BC6BE}.Debug|Any CPU.ActiveCfg = Debug|Any CPU
		{A2FF29B1-EBF6-4559-9E02-3203247BC6BE}.Debug|Any CPU.Build.0 = Debug|Any CPU
		{A2FF29B1-EBF6-4559-9E02-3203247BC6BE}.Release|Any CPU.ActiveCfg = Release|Any CPU
		{A2FF29B1-EBF6-4559-9E02-3203247BC6BE}.Release|Any CPU.Build.0 = Release|Any CPU
		{2BFC067D-4096-4388-8C25-CBBA379D4D6E}.Debug|Any CPU.ActiveCfg = Debug|Any CPU
		{2BFC067D-4096-4388-8C25-CBBA379D4D6E}.Debug|Any CPU.Build.0 = Debug|Any CPU
		{2BFC067D-4096-4388-8C25-CBBA379D4D6E}.Release|Any CPU.ActiveCfg = Release|Any CPU
		{2BFC067D-4096-4388-8C25-CBBA379D4D6E}.Release|Any CPU.Build.0 = Release|Any CPU
	EndGlobalSection
	GlobalSection(SolutionProperties) = preSolution
		HideSolutionNode = FALSE
	EndGlobalSection
	GlobalSection(ExtensibilityGlobals) = postSolution
		SolutionGuid = {AA524E8D-2A7A-4284-A40B-B9652C3FA37C}
	EndGlobalSection
EndGlobal
